Microsoft Visual Studio Solution File, Format Version 12.00
# Visual Studio Version 17
VisualStudioVersion = 17.5.2.0
MinimumVisualStudioVersion = 10.0.40219.1
Project("{2150E333-8FDC-42A3-9474-1A3956D46DE8}") = "src", "src", "{02EA681E-C7D8-13C7-8484-4AC65E1B71E8}"
EndProject
Project("{2150E333-8FDC-42A3-9474-1A3956D46DE8}") = "test", "test", "{BFEF413A-74FA-4113-9E6B-B90E4DD29351}"
EndProject
Project("{FAE04EC0-301F-11D3-BF4B-00C04F79EFBC}") = "CaseItau.API", "src\CaseItau.API\CaseItau.API.csproj", "{A7D40B7B-5072-18EC-DE2D-4892DB3AE9B0}"
EndProject
Project("{FAE04EC0-301F-11D3-BF4B-00C04F79EFBC}") = "CaseItau.Domain", "src\CaseItau.Domain\CaseItau.Domain.csproj", "{6ECBF631-C51B-4E63-A1CF-02324B871319}"
EndProject
Project("{FAE04EC0-301F-11D3-BF4B-00C04F79EFBC}") = "CaseItau.Application", "src\CaseItau.Application\CaseItau.Application.csproj", "{591ADEEB-623C-4F44-8386-8BE2074CC0DC}"
EndProject
Project("{FAE04EC0-301F-11D3-BF4B-00C04F79EFBC}") = "CaseItau.Infra", "src\CaseItau.Infra\CaseItau.Infra.csproj", "{A8D4EC24-7C1A-4B94-A517-E92212EFB9F6}"
EndProject
Project("{E53339B2-1760-4266-BCC7-CA923CBCF16C}") = "docker-compose", "docker-compose.dcproj", "{81DDED9D-158B-E303-5F62-77A2896D2A5A}"
EndProject
Project("{FAE04EC0-301F-11D3-BF4B-00C04F79EFBC}") = "CaseItau.Domain.UnitTests", "test\CaseItau.Domain.UnitTests\CaseItau.Domain.UnitTests.csproj", "{30ACEC67-EE99-4B40-B883-5BBE63EF81FC}"
EndProject
Project("{FAE04EC0-301F-11D3-BF4B-00C04F79EFBC}") = "CaseItau.Application.UnitTests", "test\CaseItau.Application.UnitTests\CaseItau.Application.UnitTests.csproj", "{141BFA16-A04B-4DD0-B2CA-620C447141C9}"
EndProject
Project("{FAE04EC0-301F-11D3-BF4B-00C04F79EFBC}") = "CaseItau.Application.IntegrationTests", "test\CaseItau.Application.IntegrationTests\CaseItau.Application.IntegrationTests.csproj", "{5C3561D7-792B-4408-A9FB-F7F2DECB3C19}"
EndProject
Project("{FAE04EC0-301F-11D3-BF4B-00C04F79EFBC}") = "CaseItau.Api.FunctionalTests", "test\CaseItau.Api.FunctionalTests\CaseItau.Api.FunctionalTests.csproj", "{E202B102-B6D5-4118-9895-AF8E13BA2C0E}"
EndProject
Project("{2150E333-8FDC-42A3-9474-1A3956D46DE8}") = "Solution Items", "Solution Items", "{8EC462FD-D22E-90A8-E5CE-7E832BA40C5D}"
	ProjectSection(SolutionItems) = preProject
		DESAFIO.md = DESAFIO.md
		README.md = README.md
	EndProjectSection
EndProject
Global
	GlobalSection(SolutionConfigurationPlatforms) = preSolution
		Debug|Any CPU = Debug|Any CPU
		Release|Any CPU = Release|Any CPU
	EndGlobalSection
	GlobalSection(ProjectConfigurationPlatforms) = postSolution
		{A7D40B7B-5072-18EC-DE2D-4892DB3AE9B0}.Debug|Any CPU.ActiveCfg = Debug|Any CPU
		{A7D40B7B-5072-18EC-DE2D-4892DB3AE9B0}.Debug|Any CPU.Build.0 = Debug|Any CPU
		{A7D40B7B-5072-18EC-DE2D-4892DB3AE9B0}.Release|Any CPU.ActiveCfg = Release|Any CPU
		{A7D40B7B-5072-18EC-DE2D-4892DB3AE9B0}.Release|Any CPU.Build.0 = Release|Any CPU
		{6ECBF631-C51B-4E63-A1CF-02324B871319}.Debug|Any CPU.ActiveCfg = Debug|Any CPU
		{6ECBF631-C51B-4E63-A1CF-02324B871319}.Debug|Any CPU.Build.0 = Debug|Any CPU
		{6ECBF631-C51B-4E63-A1CF-02324B871319}.Release|Any CPU.ActiveCfg = Release|Any CPU
		{6ECBF631-C51B-4E63-A1CF-02324B871319}.Release|Any CPU.Build.0 = Release|Any CPU
		{591ADEEB-623C-4F44-8386-8BE2074CC0DC}.Debug|Any CPU.ActiveCfg = Debug|Any CPU
		{591ADEEB-623C-4F44-8386-8BE2074CC0DC}.Debug|Any CPU.Build.0 = Debug|Any CPU
		{591ADEEB-623C-4F44-8386-8BE2074CC0DC}.Release|Any CPU.ActiveCfg = Release|Any CPU
		{591ADEEB-623C-4F44-8386-8BE2074CC0DC}.Release|Any CPU.Build.0 = Release|Any CPU
		{A8D4EC24-7C1A-4B94-A517-E92212EFB9F6}.Debug|Any CPU.ActiveCfg = Debug|Any CPU
		{A8D4EC24-7C1A-4B94-A517-E92212EFB9F6}.Debug|Any CPU.Build.0 = Debug|Any CPU
		{A8D4EC24-7C1A-4B94-A517-E92212EFB9F6}.Release|Any CPU.ActiveCfg = Release|Any CPU
		{A8D4EC24-7C1A-4B94-A517-E92212EFB9F6}.Release|Any CPU.Build.0 = Release|Any CPU
		{81DDED9D-158B-E303-5F62-77A2896D2A5A}.Debug|Any CPU.ActiveCfg = Debug|Any CPU
		{81DDED9D-158B-E303-5F62-77A2896D2A5A}.Debug|Any CPU.Build.0 = Debug|Any CPU
		{81DDED9D-158B-E303-5F62-77A2896D2A5A}.Release|Any CPU.ActiveCfg = Release|Any CPU
		{81DDED9D-158B-E303-5F62-77A2896D2A5A}.Release|Any CPU.Build.0 = Release|Any CPU
		{30ACEC67-EE99-4B40-B883-5BBE63EF81FC}.Debug|Any CPU.ActiveCfg = Debug|Any CPU
		{30ACEC67-EE99-4B40-B883-5BBE63EF81FC}.Debug|Any CPU.Build.0 = Debug|Any CPU
		{30ACEC67-EE99-4B40-B883-5BBE63EF81FC}.Release|Any CPU.ActiveCfg = Release|Any CPU
		{30ACEC67-EE99-4B40-B883-5BBE63EF81FC}.Release|Any CPU.Build.0 = Release|Any CPU
		{141BFA16-A04B-4DD0-B2CA-620C447141C9}.Debug|Any CPU.ActiveCfg = Debug|Any CPU
		{141BFA16-A04B-4DD0-B2CA-620C447141C9}.Debug|Any CPU.Build.0 = Debug|Any CPU
		{141BFA16-A04B-4DD0-B2CA-620C447141C9}.Release|Any CPU.ActiveCfg = Release|Any CPU
		{141BFA16-A04B-4DD0-B2CA-620C447141C9}.Release|Any CPU.Build.0 = Release|Any CPU
		{5C3561D7-792B-4408-A9FB-F7F2DECB3C19}.Debug|Any CPU.ActiveCfg = Debug|Any CPU
		{5C3561D7-792B-4408-A9FB-F7F2DECB3C19}.Debug|Any CPU.Build.0 = Debug|Any CPU
		{5C3561D7-792B-4408-A9FB-F7F2DECB3C19}.Release|Any CPU.ActiveCfg = Release|Any CPU
		{5C3561D7-792B-4408-A9FB-F7F2DECB3C19}.Release|Any CPU.Build.0 = Release|Any CPU
		{E202B102-B6D5-4118-9895-AF8E13BA2C0E}.Debug|Any CPU.ActiveCfg = Debug|Any CPU
		{E202B102-B6D5-4118-9895-AF8E13BA2C0E}.Debug|Any CPU.Build.0 = Debug|Any CPU
		{E202B102-B6D5-4118-9895-AF8E13BA2C0E}.Release|Any CPU.ActiveCfg = Release|Any CPU
		{E202B102-B6D5-4118-9895-AF8E13BA2C0E}.Release|Any CPU.Build.0 = Release|Any CPU
	EndGlobalSection
	GlobalSection(SolutionProperties) = preSolution
		HideSolutionNode = FALSE
	EndGlobalSection
	GlobalSection(NestedProjects) = preSolution
		{A7D40B7B-5072-18EC-DE2D-4892DB3AE9B0} = {02EA681E-C7D8-13C7-8484-4AC65E1B71E8}
		{6ECBF631-C51B-4E63-A1CF-02324B871319} = {02EA681E-C7D8-13C7-8484-4AC65E1B71E8}
		{591ADEEB-623C-4F44-8386-8BE2074CC0DC} = {02EA681E-C7D8-13C7-8484-4AC65E1B71E8}
		{A8D4EC24-7C1A-4B94-A517-E92212EFB9F6} = {02EA681E-C7D8-13C7-8484-4AC65E1B71E8}
		{30ACEC67-EE99-4B40-B883-5BBE63EF81FC} = {BFEF413A-74FA-4113-9E6B-B90E4DD29351}
		{141BFA16-A04B-4DD0-B2CA-620C447141C9} = {BFEF413A-74FA-4113-9E6B-B90E4DD29351}
		{5C3561D7-792B-4408-A9FB-F7F2DECB3C19} = {BFEF413A-74FA-4113-9E6B-B90E4DD29351}
		{E202B102-B6D5-4118-9895-AF8E13BA2C0E} = {BFEF413A-74FA-4113-9E6B-B90E4DD29351}
	EndGlobalSection
	GlobalSection(ExtensibilityGlobals) = postSolution
		SolutionGuid = {F252B643-96AF-4290-BDCE-E22723860728}
	EndGlobalSection
EndGlobal
