Microsoft Visual Studio Solution File, Format Version 12.00
# Visual Studio Version 17
VisualStudioVersion = 17.5.2.0
MinimumVisualStudioVersion = 10.0.40219.1
Project("{FAE04EC0-301F-11D3-BF4B-00C04F79EFBC}") = "CaseItau.API", "CaseItau.API\CaseItau.API.csproj", "{B831FE54-4E9B-C4D7-95E4-603EECB0C9BE}"
EndProject
Global
	GlobalSection(SolutionConfigurationPlatforms) = preSolution
		Debug|Any CPU = Debug|Any CPU
		Release|Any CPU = Release|Any CPU
	EndGlobalSection
	GlobalSection(ProjectConfigurationPlatforms) = postSolution
		{B831FE54-4E9B-C4D7-95E4-603EECB0C9BE}.Debug|Any CPU.ActiveCfg = Debug|Any CPU
		{B831FE54-4E9B-C4D7-95E4-603EECB0C9BE}.Debug|Any CPU.Build.0 = Debug|Any CPU
		{B831FE54-4E9B-C4D7-95E4-603EECB0C9BE}.Release|Any CPU.ActiveCfg = Release|Any CPU
		{B831FE54-4E9B-C4D7-95E4-603EECB0C9BE}.Release|Any CPU.Build.0 = Release|Any CPU
	EndGlobalSection
	GlobalSection(SolutionProperties) = preSolution
		HideSolutionNode = FALSE
	EndGlobalSection
	GlobalSection(ExtensibilityGlobals) = postSolution
		SolutionGuid = {F252B643-96AF-4290-BDCE-E22723860728}
	EndGlobalSection
EndGlobal
